
Microsoft Visual Studio Solution File, Format Version 12.00
# Visual Studio 2017
Project("{FAE04EC0-301F-11D3-BF4B-00C04F79EFBC}") = "SpaceExplorer", "SpaceExplorer.csproj", "{A806E50E-AC2B-2FE2-69F7-FFCA568261E4}"
EndProject
Project("{FAE04EC0-301F-11D3-BF4B-00C04F79EFBC}") = "SpaceExplorer.Plugins", "SpaceExplorer.Plugins.csproj", "{9297F3D8-E10D-F144-2861-4269CEB77F0A}"
EndProject
Project("{FAE04EC0-301F-11D3-BF4B-00C04F79EFBC}") = "SpaceExplorer.Editor.Plugins", "SpaceExplorer.Editor.Plugins.csproj", "{AC33C903-87B9-47B2-5FBB-CCE2D87F9BE3}"
EndProject
Global
	GlobalSection(SolutionConfigurationPlatforms) = preSolution
		Debug|Any CPU = Debug|Any CPU
		Release|Any CPU = Release|Any CPU
	EndGlobalSection
	GlobalSection(ProjectConfigurationPlatforms) = postSolution
		{A806E50E-AC2B-2FE2-69F7-FFCA568261E4}.Debug|Any CPU.ActiveCfg = Debug|Any CPU
		{A806E50E-AC2B-2FE2-69F7-FFCA568261E4}.Debug|Any CPU.Build.0 = Debug|Any CPU
		{A806E50E-AC2B-2FE2-69F7-FFCA568261E4}.Release|Any CPU.ActiveCfg = Release|Any CPU
		{A806E50E-AC2B-2FE2-69F7-FFCA568261E4}.Release|Any CPU.Build.0 = Release|Any CPU
		{9297F3D8-E10D-F144-2861-4269CEB77F0A}.Debug|Any CPU.ActiveCfg = Debug|Any CPU
		{9297F3D8-E10D-F144-2861-4269CEB77F0A}.Debug|Any CPU.Build.0 = Debug|Any CPU
		{9297F3D8-E10D-F144-2861-4269CEB77F0A}.Release|Any CPU.ActiveCfg = Release|Any CPU
		{9297F3D8-E10D-F144-2861-4269CEB77F0A}.Release|Any CPU.Build.0 = Release|Any CPU
		{AC33C903-87B9-47B2-5FBB-CCE2D87F9BE3}.Debug|Any CPU.ActiveCfg = Debug|Any CPU
		{AC33C903-87B9-47B2-5FBB-CCE2D87F9BE3}.Debug|Any CPU.Build.0 = Debug|Any CPU
		{AC33C903-87B9-47B2-5FBB-CCE2D87F9BE3}.Release|Any CPU.ActiveCfg = Release|Any CPU
		{AC33C903-87B9-47B2-5FBB-CCE2D87F9BE3}.Release|Any CPU.Build.0 = Release|Any CPU
	EndGlobalSection
	GlobalSection(SolutionProperties) = preSolution
		HideSolutionNode = FALSE
	EndGlobalSection
EndGlobal
